
Microsoft Visual Studio Solution File, Format Version 12.00
# Visual Studio Version 17
VisualStudioVersion = 17.0.31903.59
MinimumVisualStudioVersion = 10.0.40219.1
Project("{2150E333-8FDC-42A3-9474-1A3956D46DE8}") = "Years", "Years", "{FD8BDF4F-34B8-71A3-12A3-EB75D37D9221}"
EndProject
Project("{FAE04EC0-301F-11D3-BF4B-00C04F79EFBC}") = "AoC2025", "Years\AoC2025\AoC2025.csproj", "{9B6982A5-C679-40F2-90EC-A32048F359C5}"
EndProject
Project("{FAE04EC0-301F-11D3-BF4B-00C04F79EFBC}") = "Common", "Common\Common.csproj", "{09BFE155-C11C-45A3-9222-B630872E496F}"
EndProject
Project("{FAE04EC0-301F-11D3-BF4B-00C04F79EFBC}") = "Runner", "Runner\Runner.csproj", "{F2A45C7F-EFAA-4A05-BDA7-9779282E48E1}"
EndProject
Project("{2150E333-8FDC-42A3-9474-1A3956D46DE8}") = "Tests", "Tests", "{0AB3BF05-4346-4AA6-1389-037BE0695223}"
EndProject
Project("{FAE04EC0-301F-11D3-BF4B-00C04F79EFBC}") = "AoC2025Tests", "Tests\AoC2025Tests\AoC2025Tests.csproj", "{6E5B56A4-6776-49E8-BFEA-75028C874A5D}"
EndProject
Project("{2150E333-8FDC-42A3-9474-1A3956D46DE8}") = "Tools", "Tools", "{07C2787E-EAC7-C090-1BA3-A61EC2A24D84}"
EndProject
Project("{FAE04EC0-301F-11D3-BF4B-00C04F79EFBC}") = "Scaffolder", "Tools\Scaffolder\Scaffolder.csproj", "{746D0DB4-22AE-442D-A41A-3904666D60A8}"
EndProject
Project("{FAE04EC0-301F-11D3-BF4B-00C04F79EFBC}") = "AoC2024", "Years\AoC2024\AoC2024.csproj", "{F5B7AB05-33E7-4EDC-AC1F-AD27B6D24999}"
EndProject
Project("{FAE04EC0-301F-11D3-BF4B-00C04F79EFBC}") = "AoC2024Tests", "Tests\AoC2024Tests\AoC2024Tests.csproj", "{6C626B56-030B-4DEB-B316-E92CB9ABABAB}"
EndProject
Global
	GlobalSection(SolutionConfigurationPlatforms) = preSolution
		Debug|Any CPU = Debug|Any CPU
		Debug|x64 = Debug|x64
		Debug|x86 = Debug|x86
		Release|Any CPU = Release|Any CPU
		Release|x64 = Release|x64
		Release|x86 = Release|x86
	EndGlobalSection
	GlobalSection(ProjectConfigurationPlatforms) = postSolution
		{9B6982A5-C679-40F2-90EC-A32048F359C5}.Debug|Any CPU.ActiveCfg = Debug|Any CPU
		{9B6982A5-C679-40F2-90EC-A32048F359C5}.Debug|Any CPU.Build.0 = Debug|Any CPU
		{9B6982A5-C679-40F2-90EC-A32048F359C5}.Debug|x64.ActiveCfg = Debug|Any CPU
		{9B6982A5-C679-40F2-90EC-A32048F359C5}.Debug|x64.Build.0 = Debug|Any CPU
		{9B6982A5-C679-40F2-90EC-A32048F359C5}.Debug|x86.ActiveCfg = Debug|Any CPU
		{9B6982A5-C679-40F2-90EC-A32048F359C5}.Debug|x86.Build.0 = Debug|Any CPU
		{9B6982A5-C679-40F2-90EC-A32048F359C5}.Release|Any CPU.ActiveCfg = Release|Any CPU
		{9B6982A5-C679-40F2-90EC-A32048F359C5}.Release|Any CPU.Build.0 = Release|Any CPU
		{9B6982A5-C679-40F2-90EC-A32048F359C5}.Release|x64.ActiveCfg = Release|Any CPU
		{9B6982A5-C679-40F2-90EC-A32048F359C5}.Release|x64.Build.0 = Release|Any CPU
		{9B6982A5-C679-40F2-90EC-A32048F359C5}.Release|x86.ActiveCfg = Release|Any CPU
		{9B6982A5-C679-40F2-90EC-A32048F359C5}.Release|x86.Build.0 = Release|Any CPU
		{09BFE155-C11C-45A3-9222-B630872E496F}.Debug|Any CPU.ActiveCfg = Debug|Any CPU
		{09BFE155-C11C-45A3-9222-B630872E496F}.Debug|Any CPU.Build.0 = Debug|Any CPU
		{09BFE155-C11C-45A3-9222-B630872E496F}.Debug|x64.ActiveCfg = Debug|Any CPU
		{09BFE155-C11C-45A3-9222-B630872E496F}.Debug|x64.Build.0 = Debug|Any CPU
		{09BFE155-C11C-45A3-9222-B630872E496F}.Debug|x86.ActiveCfg = Debug|Any CPU
		{09BFE155-C11C-45A3-9222-B630872E496F}.Debug|x86.Build.0 = Debug|Any CPU
		{09BFE155-C11C-45A3-9222-B630872E496F}.Release|Any CPU.ActiveCfg = Release|Any CPU
		{09BFE155-C11C-45A3-9222-B630872E496F}.Release|Any CPU.Build.0 = Release|Any CPU
		{09BFE155-C11C-45A3-9222-B630872E496F}.Release|x64.ActiveCfg = Release|Any CPU
		{09BFE155-C11C-45A3-9222-B630872E496F}.Release|x64.Build.0 = Release|Any CPU
		{09BFE155-C11C-45A3-9222-B630872E496F}.Release|x86.ActiveCfg = Release|Any CPU
		{09BFE155-C11C-45A3-9222-B630872E496F}.Release|x86.Build.0 = Release|Any CPU
		{F2A45C7F-EFAA-4A05-BDA7-9779282E48E1}.Debug|Any CPU.ActiveCfg = Debug|Any CPU
		{F2A45C7F-EFAA-4A05-BDA7-9779282E48E1}.Debug|Any CPU.Build.0 = Debug|Any CPU
		{F2A45C7F-EFAA-4A05-BDA7-9779282E48E1}.Debug|x64.ActiveCfg = Debug|Any CPU
		{F2A45C7F-EFAA-4A05-BDA7-9779282E48E1}.Debug|x64.Build.0 = Debug|Any CPU
		{F2A45C7F-EFAA-4A05-BDA7-9779282E48E1}.Debug|x86.ActiveCfg = Debug|Any CPU
		{F2A45C7F-EFAA-4A05-BDA7-9779282E48E1}.Debug|x86.Build.0 = Debug|Any CPU
		{F2A45C7F-EFAA-4A05-BDA7-9779282E48E1}.Release|Any CPU.ActiveCfg = Release|Any CPU
		{F2A45C7F-EFAA-4A05-BDA7-9779282E48E1}.Release|Any CPU.Build.0 = Release|Any CPU
		{F2A45C7F-EFAA-4A05-BDA7-9779282E48E1}.Release|x64.ActiveCfg = Release|Any CPU
		{F2A45C7F-EFAA-4A05-BDA7-9779282E48E1}.Release|x64.Build.0 = Release|Any CPU
		{F2A45C7F-EFAA-4A05-BDA7-9779282E48E1}.Release|x86.ActiveCfg = Release|Any CPU
		{F2A45C7F-EFAA-4A05-BDA7-9779282E48E1}.Release|x86.Build.0 = Release|Any CPU
		{6E5B56A4-6776-49E8-BFEA-75028C874A5D}.Debug|Any CPU.ActiveCfg = Debug|Any CPU
		{6E5B56A4-6776-49E8-BFEA-75028C874A5D}.Debug|Any CPU.Build.0 = Debug|Any CPU
		{6E5B56A4-6776-49E8-BFEA-75028C874A5D}.Debug|x64.ActiveCfg = Debug|Any CPU
		{6E5B56A4-6776-49E8-BFEA-75028C874A5D}.Debug|x64.Build.0 = Debug|Any CPU
		{6E5B56A4-6776-49E8-BFEA-75028C874A5D}.Debug|x86.ActiveCfg = Debug|Any CPU
		{6E5B56A4-6776-49E8-BFEA-75028C874A5D}.Debug|x86.Build.0 = Debug|Any CPU
		{6E5B56A4-6776-49E8-BFEA-75028C874A5D}.Release|Any CPU.ActiveCfg = Release|Any CPU
		{6E5B56A4-6776-49E8-BFEA-75028C874A5D}.Release|Any CPU.Build.0 = Release|Any CPU
		{6E5B56A4-6776-49E8-BFEA-75028C874A5D}.Release|x64.ActiveCfg = Release|Any CPU
		{6E5B56A4-6776-49E8-BFEA-75028C874A5D}.Release|x64.Build.0 = Release|Any CPU
		{6E5B56A4-6776-49E8-BFEA-75028C874A5D}.Release|x86.ActiveCfg = Release|Any CPU
		{6E5B56A4-6776-49E8-BFEA-75028C874A5D}.Release|x86.Build.0 = Release|Any CPU
		{746D0DB4-22AE-442D-A41A-3904666D60A8}.Debug|Any CPU.ActiveCfg = Debug|Any CPU
		{746D0DB4-22AE-442D-A41A-3904666D60A8}.Debug|Any CPU.Build.0 = Debug|Any CPU
		{746D0DB4-22AE-442D-A41A-3904666D60A8}.Debug|x64.ActiveCfg = Debug|Any CPU
		{746D0DB4-22AE-442D-A41A-3904666D60A8}.Debug|x64.Build.0 = Debug|Any CPU
		{746D0DB4-22AE-442D-A41A-3904666D60A8}.Debug|x86.ActiveCfg = Debug|Any CPU
		{746D0DB4-22AE-442D-A41A-3904666D60A8}.Debug|x86.Build.0 = Debug|Any CPU
		{746D0DB4-22AE-442D-A41A-3904666D60A8}.Release|Any CPU.ActiveCfg = Release|Any CPU
		{746D0DB4-22AE-442D-A41A-3904666D60A8}.Release|Any CPU.Build.0 = Release|Any CPU
		{746D0DB4-22AE-442D-A41A-3904666D60A8}.Release|x64.ActiveCfg = Release|Any CPU
		{746D0DB4-22AE-442D-A41A-3904666D60A8}.Release|x64.Build.0 = Release|Any CPU
		{746D0DB4-22AE-442D-A41A-3904666D60A8}.Release|x86.ActiveCfg = Release|Any CPU
		{746D0DB4-22AE-442D-A41A-3904666D60A8}.Release|x86.Build.0 = Release|Any CPU
		{F5B7AB05-33E7-4EDC-AC1F-AD27B6D24999}.Debug|Any CPU.ActiveCfg = Debug|Any CPU
		{F5B7AB05-33E7-4EDC-AC1F-AD27B6D24999}.Debug|Any CPU.Build.0 = Debug|Any CPU
		{F5B7AB05-33E7-4EDC-AC1F-AD27B6D24999}.Debug|x64.ActiveCfg = Debug|Any CPU
		{F5B7AB05-33E7-4EDC-AC1F-AD27B6D24999}.Debug|x64.Build.0 = Debug|Any CPU
		{F5B7AB05-33E7-4EDC-AC1F-AD27B6D24999}.Debug|x86.ActiveCfg = Debug|Any CPU
		{F5B7AB05-33E7-4EDC-AC1F-AD27B6D24999}.Debug|x86.Build.0 = Debug|Any CPU
		{F5B7AB05-33E7-4EDC-AC1F-AD27B6D24999}.Release|Any CPU.ActiveCfg = Release|Any CPU
		{F5B7AB05-33E7-4EDC-AC1F-AD27B6D24999}.Release|Any CPU.Build.0 = Release|Any CPU
		{F5B7AB05-33E7-4EDC-AC1F-AD27B6D24999}.Release|x64.ActiveCfg = Release|Any CPU
		{F5B7AB05-33E7-4EDC-AC1F-AD27B6D24999}.Release|x64.Build.0 = Release|Any CPU
		{F5B7AB05-33E7-4EDC-AC1F-AD27B6D24999}.Release|x86.ActiveCfg = Release|Any CPU
		{F5B7AB05-33E7-4EDC-AC1F-AD27B6D24999}.Release|x86.Build.0 = Release|Any CPU
		{6C626B56-030B-4DEB-B316-E92CB9ABABAB}.Debug|Any CPU.ActiveCfg = Debug|Any CPU
		{6C626B56-030B-4DEB-B316-E92CB9ABABAB}.Debug|Any CPU.Build.0 = Debug|Any CPU
		{6C626B56-030B-4DEB-B316-E92CB9ABABAB}.Debug|x64.ActiveCfg = Debug|Any CPU
		{6C626B56-030B-4DEB-B316-E92CB9ABABAB}.Debug|x64.Build.0 = Debug|Any CPU
		{6C626B56-030B-4DEB-B316-E92CB9ABABAB}.Debug|x86.ActiveCfg = Debug|Any CPU
		{6C626B56-030B-4DEB-B316-E92CB9ABABAB}.Debug|x86.Build.0 = Debug|Any CPU
		{6C626B56-030B-4DEB-B316-E92CB9ABABAB}.Release|Any CPU.ActiveCfg = Release|Any CPU
		{6C626B56-030B-4DEB-B316-E92CB9ABABAB}.Release|Any CPU.Build.0 = Release|Any CPU
		{6C626B56-030B-4DEB-B316-E92CB9ABABAB}.Release|x64.ActiveCfg = Release|Any CPU
		{6C626B56-030B-4DEB-B316-E92CB9ABABAB}.Release|x64.Build.0 = Release|Any CPU
		{6C626B56-030B-4DEB-B316-E92CB9ABABAB}.Release|x86.ActiveCfg = Release|Any CPU
		{6C626B56-030B-4DEB-B316-E92CB9ABABAB}.Release|x86.Build.0 = Release|Any CPU
	EndGlobalSection
	GlobalSection(SolutionProperties) = preSolution
		HideSolutionNode = FALSE
	EndGlobalSection
	GlobalSection(NestedProjects) = preSolution
		{9B6982A5-C679-40F2-90EC-A32048F359C5} = {FD8BDF4F-34B8-71A3-12A3-EB75D37D9221}
		{6E5B56A4-6776-49E8-BFEA-75028C874A5D} = {0AB3BF05-4346-4AA6-1389-037BE0695223}
		{746D0DB4-22AE-442D-A41A-3904666D60A8} = {07C2787E-EAC7-C090-1BA3-A61EC2A24D84}
		{F5B7AB05-33E7-4EDC-AC1F-AD27B6D24999} = {FD8BDF4F-34B8-71A3-12A3-EB75D37D9221}
		{6C626B56-030B-4DEB-B316-E92CB9ABABAB} = {0AB3BF05-4346-4AA6-1389-037BE0695223}
	EndGlobalSection
EndGlobal
